// !$*UTF8*$!
{
	archiveVersion = 1;
	classes = {
	};
	objectVersion = 50;
	objects = {

/* Begin PBXBuildFile section */
		0506915F252225BA001C7DDC /* AppDelegate.m in Sources */ = {isa = PBXBuildFile; fileRef = 0506915E252225BA001C7DDC /* AppDelegate.m */; };
		05069162252225BA001C7DDC /* SceneDelegate.m in Sources */ = {isa = PBXBuildFile; fileRef = 05069161252225BA001C7DDC /* SceneDelegate.m */; };
		05069165252225BA001C7DDC /* ViewController.m in Sources */ = {isa = PBXBuildFile; fileRef = 05069164252225BA001C7DDC /* ViewController.m */; };
		05069168252225BA001C7DDC /* Main.storyboard in Resources */ = {isa = PBXBuildFile; fileRef = 05069166252225BA001C7DDC /* Main.storyboard */; };
		0506916A252225BC001C7DDC /* Assets.xcassets in Resources */ = {isa = PBXBuildFile; fileRef = 05069169252225BC001C7DDC /* Assets.xcassets */; };
		0506916D252225BC001C7DDC /* LaunchScreen.storyboard in Resources */ = {isa = PBXBuildFile; fileRef = 0506916B252225BC001C7DDC /* LaunchScreen.storyboard */; };
		05069170252225BC001C7DDC /* main.m in Sources */ = {isa = PBXBuildFile; fileRef = 0506916F252225BC001C7DDC /* main.m */; };
/* End PBXBuildFile section */

/* Begin PBXFileReference section */
		0506915A252225BA001C7DDC /* TestBuildApp.app */ = {isa = PBXFileReference; explicitFileType = wrapper.application; includeInIndex = 0; path = TestBuildApp.app; sourceTree = BUILT_PRODUCTS_DIR; };
		0506915D252225BA001C7DDC /* AppDelegate.h */ = {isa = PBXFileReference; lastKnownFileType = sourcecode.c.h; path = AppDelegate.h; sourceTree = "<group>"; };
		0506915E252225BA001C7DDC /* AppDelegate.m */ = {isa = PBXFileReference; lastKnownFileType = sourcecode.c.objc; path = AppDelegate.m; sourceTree = "<group>"; };
		05069160252225BA001C7DDC /* SceneDelegate.h */ = {isa = PBXFileReference; lastKnownFileType = sourcecode.c.h; path = SceneDelegate.h; sourceTree = "<group>"; };
		05069161252225BA001C7DDC /* SceneDelegate.m */ = {isa = PBXFileReference; lastKnownFileType = sourcecode.c.objc; path = SceneDelegate.m; sourceTree = "<group>"; };
		05069163252225BA001C7DDC /* ViewController.h */ = {isa = PBXFileReference; lastKnownFileType = sourcecode.c.h; path = ViewController.h; sourceTree = "<group>"; };
		05069164252225BA001C7DDC /* ViewController.m */ = {isa = PBXFileReference; lastKnownFileType = sourcecode.c.objc; path = ViewController.m; sourceTree = "<group>"; };
		05069167252225BA001C7DDC /* Base */ = {isa = PBXFileReference; lastKnownFileType = file.storyboard; name = Base; path = Base.lproj/Main.storyboard; sourceTree = "<group>"; };
		05069169252225BC001C7DDC /* Assets.xcassets */ = {isa = PBXFileReference; lastKnownFileType = folder.assetcatalog; path = Assets.xcassets; sourceTree = "<group>"; };
		0506916C252225BC001C7DDC /* Base */ = {isa = PBXFileReference; lastKnownFileType = file.storyboard; name = Base; path = Base.lproj/LaunchScreen.storyboard; sourceTree = "<group>"; };
		0506916E252225BC001C7DDC /* Info.plist */ = {isa = PBXFileReference; lastKnownFileType = text.plist.xml; path = Info.plist; sourceTree = "<group>"; };
		0506916F252225BC001C7DDC /* main.m */ = {isa = PBXFileReference; lastKnownFileType = sourcecode.c.objc; path = main.m; sourceTree = "<group>"; };
/* End PBXFileReference section */

/* Begin PBXFrameworksBuildPhase section */
		05069157252225BA001C7DDC /* Frameworks */ = {
			isa = PBXFrameworksBuildPhase;
			buildActionMask = 2147483647;
			files = (
			);
			runOnlyForDeploymentPostprocessing = 0;
		};
/* End PBXFrameworksBuildPhase section */

/* Begin PBXGroup section */
		05069151252225BA001C7DDC = {
			isa = PBXGroup;
			children = (
				0506915C252225BA001C7DDC /* TestBuildApp */,
				0506915B252225BA001C7DDC /* Products */,
			);
			sourceTree = "<group>";
		};
		0506915B252225BA001C7DDC /* Products */ = {
			isa = PBXGroup;
			children = (
				0506915A252225BA001C7DDC /* TestBuildApp.app */,
			);
			name = Products;
			sourceTree = "<group>";
		};
		0506915C252225BA001C7DDC /* TestBuildApp */ = {
			isa = PBXGroup;
			children = (
				0506915D252225BA001C7DDC /* AppDelegate.h */,
				0506915E252225BA001C7DDC /* AppDelegate.m */,
				05069160252225BA001C7DDC /* SceneDelegate.h */,
				05069161252225BA001C7DDC /* SceneDelegate.m */,
				05069163252225BA001C7DDC /* ViewController.h */,
				05069164252225BA001C7DDC /* ViewController.m */,
				05069166252225BA001C7DDC /* Main.storyboard */,
				05069169252225BC001C7DDC /* Assets.xcassets */,
				0506916B252225BC001C7DDC /* LaunchScreen.storyboard */,
				0506916E252225BC001C7DDC /* Info.plist */,
				0506916F252225BC001C7DDC /* main.m */,
			);
			path = TestBuildApp;
			sourceTree = "<group>";
		};
/* End PBXGroup section */

/* Begin PBXNativeTarget section */
		05069159252225BA001C7DDC /* TestBuildApp */ = {
			isa = PBXNativeTarget;
			buildConfigurationList = 05069173252225BC001C7DDC /* Build configuration list for PBXNativeTarget "TestBuildApp" */;
			buildPhases = (
				05069156252225BA001C7DDC /* Sources */,
				05069157252225BA001C7DDC /* Frameworks */,
				05069158252225BA001C7DDC /* Resources */,
			);
			buildRules = (
			);
			dependencies = (
			);
			name = TestBuildApp;
			productName = TestBuildApp;
			productReference = 0506915A252225BA001C7DDC /* TestBuildApp.app */;
			productType = "com.apple.product-type.application";
		};
/* End PBXNativeTarget section */

/* Begin PBXProject section */
		05069152252225BA001C7DDC /* Project object */ = {
			isa = PBXProject;
			attributes = {
				LastUpgradeCheck = 1140;
				ORGANIZATIONNAME = "donny setiabudi";
				TargetAttributes = {
					05069159252225BA001C7DDC = {
						CreatedOnToolsVersion = 11.4.1;
					};
				};
			};
			buildConfigurationList = 05069155252225BA001C7DDC /* Build configuration list for PBXProject "TestBuildApp" */;
			compatibilityVersion = "Xcode 9.3";
			developmentRegion = en;
			hasScannedForEncodings = 0;
			knownRegions = (
				en,
				Base,
			);
			mainGroup = 05069151252225BA001C7DDC;
			productRefGroup = 0506915B252225BA001C7DDC /* Products */;
			projectDirPath = "";
			projectRoot = "";
			targets = (
				05069159252225BA001C7DDC /* TestBuildApp */,
			);
		};
/* End PBXProject section */

/* Begin PBXResourcesBuildPhase section */
		05069158252225BA001C7DDC /* Resources */ = {
			isa = PBXResourcesBuildPhase;
			buildActionMask = 2147483647;
			files = (
				0506916D252225BC001C7DDC /* LaunchScreen.storyboard in Resources */,
				0506916A252225BC001C7DDC /* Assets.xcassets in Resources */,
				05069168252225BA001C7DDC /* Main.storyboard in Resources */,
			);
			runOnlyForDeploymentPostprocessing = 0;
		};
/* End PBXResourcesBuildPhase section */

/* Begin PBXSourcesBuildPhase section */
		05069156252225BA001C7DDC /* Sources */ = {
			isa = PBXSourcesBuildPhase;
			buildActionMask = 2147483647;
			files = (
				05069165252225BA001C7DDC /* ViewController.m in Sources */,
				0506915F252225BA001C7DDC /* AppDelegate.m in Sources */,
				05069170252225BC001C7DDC /* main.m in Sources */,
				05069162252225BA001C7DDC /* SceneDelegate.m in Sources */,
			);
			runOnlyForDeploymentPostprocessing = 0;
		};
/* End PBXSourcesBuildPhase section */

/* Begin PBXVariantGroup section */
		05069166252225BA001C7DDC /* Main.storyboard */ = {
			isa = PBXVariantGroup;
			children = (
				05069167252225BA001C7DDC /* Base */,
			);
			name = Main.storyboard;
			sourceTree = "<group>";
		};
		0506916B252225BC001C7DDC /* LaunchScreen.storyboard */ = {
			isa = PBXVariantGroup;
			children = (
				0506916C252225BC001C7DDC /* Base */,
			);
			name = LaunchScreen.storyboard;
			sourceTree = "<group>";
		};
/* End PBXVariantGroup section */

/* Begin XCBuildConfiguration section */
		05069171252225BC001C7DDC /* Debug */ = {
			isa = XCBuildConfiguration;
			buildSettings = {
				ALWAYS_SEARCH_USER_PATHS = NO;
				CLANG_ANALYZER_NONNULL = YES;
				CLANG_ANALYZER_NUMBER_OBJECT_CONVERSION = YES_AGGRESSIVE;
				CLANG_CXX_LANGUAGE_STANDARD = "gnu++14";
				CLANG_CXX_LIBRARY = "libc++";
				CLANG_ENABLE_MODULES = YES;
				CLANG_ENABLE_OBJC_ARC = YES;
				CLANG_ENABLE_OBJC_WEAK = YES;
				CLANG_WARN_BLOCK_CAPTURE_AUTORELEASING = YES;
				CLANG_WARN_BOOL_CONVERSION = YES;
				CLANG_WARN_COMMA = YES;
				CLANG_WARN_CONSTANT_CONVERSION = YES;
				CLANG_WARN_DEPRECATED_OBJC_IMPLEMENTATIONS = YES;
				CLANG_WARN_DIRECT_OBJC_ISA_USAGE = YES_ERROR;
				CLANG_WARN_DOCUMENTATION_COMMENTS = YES;
				CLANG_WARN_EMPTY_BODY = YES;
				CLANG_WARN_ENUM_CONVERSION = YES;
				CLANG_WARN_INFINITE_RECURSION = YES;
				CLANG_WARN_INT_CONVERSION = YES;
				CLANG_WARN_NON_LITERAL_NULL_CONVERSION = YES;
				CLANG_WARN_OBJC_IMPLICIT_RETAIN_SELF = YES;
				CLANG_WARN_OBJC_LITERAL_CONVERSION = YES;
				CLANG_WARN_OBJC_ROOT_CLASS = YES_ERROR;
				CLANG_WARN_RANGE_LOOP_ANALYSIS = YES;
				CLANG_WARN_STRICT_PROTOTYPES = YES;
				CLANG_WARN_SUSPICIOUS_MOVE = YES;
				CLANG_WARN_UNGUARDED_AVAILABILITY = YES_AGGRESSIVE;
				CLANG_WARN_UNREACHABLE_CODE = YES;
				CLANG_WARN__DUPLICATE_METHOD_MATCH = YES;
				COPY_PHASE_STRIP = NO;
				DEBUG_INFORMATION_FORMAT = dwarf;
				ENABLE_STRICT_OBJC_MSGSEND = YES;
				ENABLE_TESTABILITY = YES;
				GCC_C_LANGUAGE_STANDARD = gnu11;
				GCC_DYNAMIC_NO_PIC = NO;
				GCC_NO_COMMON_BLOCKS = YES;
				GCC_OPTIMIZATION_LEVEL = 0;
				GCC_PREPROCESSOR_DEFINITIONS = (
					"DEBUG=1",
					"$(inherited)",
				);
				GCC_WARN_64_TO_32_BIT_CONVERSION = YES;
				GCC_WARN_ABOUT_RETURN_TYPE = YES_ERROR;
				GCC_WARN_UNDECLARED_SELECTOR = YES;
				GCC_WARN_UNINITIALIZED_AUTOS = YES_AGGRESSIVE;
				GCC_WARN_UNUSED_FUNCTION = YES;
				GCC_WARN_UNUSED_VARIABLE = YES;
				IPHONEOS_DEPLOYMENT_TARGET = 13.4;
				MTL_ENABLE_DEBUG_INFO = INCLUDE_SOURCE;
				MTL_FAST_MATH = YES;
				ONLY_ACTIVE_ARCH = YES;
				SDKROOT = iphoneos;
			};
			name = Debug;
		};
		05069172252225BC001C7DDC /* Release */ = {
			isa = XCBuildConfiguration;
			buildSettings = {
				ALWAYS_SEARCH_USER_PATHS = NO;
				CLANG_ANALYZER_NONNULL = YES;
				CLANG_ANALYZER_NUMBER_OBJECT_CONVERSION = YES_AGGRESSIVE;
				CLANG_CXX_LANGUAGE_STANDARD = "gnu++14";
				CLANG_CXX_LIBRARY = "libc++";
				CLANG_ENABLE_MODULES = YES;
				CLANG_ENABLE_OBJC_ARC = YES;
				CLANG_ENABLE_OBJC_WEAK = YES;
				CLANG_WARN_BLOCK_CAPTURE_AUTORELEASING = YES;
				CLANG_WARN_BOOL_CONVERSION = YES;
				CLANG_WARN_COMMA = YES;
				CLANG_WARN_CONSTANT_CONVERSION = YES;
				CLANG_WARN_DEPRECATED_OBJC_IMPLEMENTATIONS = YES;
				CLANG_WARN_DIRECT_OBJC_ISA_USAGE = YES_ERROR;
				CLANG_WARN_DOCUMENTATION_COMMENTS = YES;
				CLANG_WARN_EMPTY_BODY = YES;
				CLANG_WARN_ENUM_CONVERSION = YES;
				CLANG_WARN_INFINITE_RECURSION = YES;
				CLANG_WARN_INT_CONVERSION = YES;
				CLANG_WARN_NON_LITERAL_NULL_CONVERSION = YES;
				CLANG_WARN_OBJC_IMPLICIT_RETAIN_SELF = YES;
				CLANG_WARN_OBJC_LITERAL_CONVERSION = YES;
				CLANG_WARN_OBJC_ROOT_CLASS = YES_ERROR;
				CLANG_WARN_RANGE_LOOP_ANALYSIS = YES;
				CLANG_WARN_STRICT_PROTOTYPES = YES;
				CLANG_WARN_SUSPICIOUS_MOVE = YES;
				CLANG_WARN_UNGUARDED_AVAILABILITY = YES_AGGRESSIVE;
				CLANG_WARN_UNREACHABLE_CODE = YES;
				CLANG_WARN__DUPLICATE_METHOD_MATCH = YES;
				COPY_PHASE_STRIP = NO;
				DEBUG_INFORMATION_FORMAT = "dwarf-with-dsym";
				ENABLE_NS_ASSERTIONS = NO;
				ENABLE_STRICT_OBJC_MSGSEND = YES;
				GCC_C_LANGUAGE_STANDARD = gnu11;
				GCC_NO_COMMON_BLOCKS = YES;
				GCC_WARN_64_TO_32_BIT_CONVERSION = YES;
				GCC_WARN_ABOUT_RETURN_TYPE = YES_ERROR;
				GCC_WARN_UNDECLARED_SELECTOR = YES;
				GCC_WARN_UNINITIALIZED_AUTOS = YES_AGGRESSIVE;
				GCC_WARN_UNUSED_FUNCTION = YES;
				GCC_WARN_UNUSED_VARIABLE = YES;
				IPHONEOS_DEPLOYMENT_TARGET = 13.4;
				MTL_ENABLE_DEBUG_INFO = NO;
				MTL_FAST_MATH = YES;
				SDKROOT = iphoneos;
				VALIDATE_PRODUCT = YES;
			};
			name = Release;
		};
		05069174252225BC001C7DDC /* Debug */ = {
			isa = XCBuildConfiguration;
			buildSettings = {
				ASSETCATALOG_COMPILER_APPICON_NAME = AppIcon;
				CODE_SIGN_STYLE = Automatic;
				DEVELOPMENT_TEAM = Q62R5Q657U;
				INFOPLIST_FILE = TestBuildApp/Info.plist;
				IPHONEOS_DEPLOYMENT_TARGET = 10.0;
				LD_RUNPATH_SEARCH_PATHS = (
					"$(inherited)",
					"@executable_path/Frameworks",
				);
				PRODUCT_BUNDLE_IDENTIFIER = com.maybank.TestBuildApp;
				PRODUCT_NAME = "$(TARGET_NAME)";
				TARGETED_DEVICE_FAMILY = "1,2";
			};
			name = Debug;
		};
		05069175252225BC001C7DDC /* Release */ = {
			isa = XCBuildConfiguration;
			buildSettings = {
				ASSETCATALOG_COMPILER_APPICON_NAME = AppIcon;
				CODE_SIGN_STYLE = Automatic;
				DEVELOPMENT_TEAM = Q62R5Q657U;
				INFOPLIST_FILE = TestBuildApp/Info.plist;
				IPHONEOS_DEPLOYMENT_TARGET = 10.0;
				LD_RUNPATH_SEARCH_PATHS = (
					"$(inherited)",
					"@executable_path/Frameworks",
				);
				PRODUCT_BUNDLE_IDENTIFIER = com.maybank.TestBuildApp;
				PRODUCT_NAME = "$(TARGET_NAME)";
				TARGETED_DEVICE_FAMILY = "1,2";
			};
			name = Release;
		};
/* End XCBuildConfiguration section */

/* Begin XCConfigurationList section */
		05069155252225BA001C7DDC /* Build configuration list for PBXProject "TestBuildApp" */ = {
			isa = XCConfigurationList;
			buildConfigurations = (
				05069171252225BC001C7DDC /* Debug */,
				05069172252225BC001C7DDC /* Release */,
			);
			defaultConfigurationIsVisible = 0;
			defaultConfigurationName = Release;
		};
		05069173252225BC001C7DDC /* Build configuration list for PBXNativeTarget "TestBuildApp" */ = {
			isa = XCConfigurationList;
			buildConfigurations = (
				05069174252225BC001C7DDC /* Debug */,
				05069175252225BC001C7DDC /* Release */,
			);
			defaultConfigurationIsVisible = 0;
			defaultConfigurationName = Release;
		};
/* End XCConfigurationList section */
	};
	rootObject = 05069152252225BA001C7DDC /* Project object */;
}
